
Microsoft Visual Studio Solution File, Format Version 12.00
# Visual Studio Version 16
VisualStudioVersion = 16.0.30611.23
MinimumVisualStudioVersion = 10.0.40219.1
Project("{FAE04EC0-301F-11D3-BF4B-00C04F79EFBC}") = "SalesWebMvc", "SalesWebMvc\SalesWebMvc.csproj", "{DEC4365F-8F28-427D-AB77-4552577B3501}"
EndProject
Global
	GlobalSection(SolutionConfigurationPlatforms) = preSolution
		Debug|Any CPU = Debug|Any CPU
		Release|Any CPU = Release|Any CPU
	EndGlobalSection
	GlobalSection(ProjectConfigurationPlatforms) = postSolution
		{DEC4365F-8F28-427D-AB77-4552577B3501}.Debug|Any CPU.ActiveCfg = Debug|Any CPU
		{DEC4365F-8F28-427D-AB77-4552577B3501}.Debug|Any CPU.Build.0 = Debug|Any CPU
		{DEC4365F-8F28-427D-AB77-4552577B3501}.Release|Any CPU.ActiveCfg = Release|Any CPU
		{DEC4365F-8F28-427D-AB77-4552577B3501}.Release|Any CPU.Build.0 = Release|Any CPU
	EndGlobalSection
	GlobalSection(SolutionProperties) = preSolution
		HideSolutionNode = FALSE
	EndGlobalSection
	GlobalSection(ExtensibilityGlobals) = postSolution
		SolutionGuid = {5CF7B68B-2669-4EA5-BB43-F1B3DD6D93A7}
	EndGlobalSection
EndGlobal
